// !$*UTF8*$!
{
	archiveVersion = 1;
	classes = {
	};
	objectVersion = 50;
	objects = {

/* Begin PBXBuildFile section */
		46183A1CF8DAC754E4947C9C /* Pods_ClassPlus.framework in Frameworks */ = {isa = PBXBuildFile; fileRef = 2910E77907010E40D9A82C98 /* Pods_ClassPlus.framework */; };
		DCEB28BA20D69940004D8C7E /* AppDelegate.swift in Sources */ = {isa = PBXBuildFile; fileRef = DCEB28B920D69940004D8C7E /* AppDelegate.swift */; };
		DCEB28BC20D69940004D8C7E /* ViewController.swift in Sources */ = {isa = PBXBuildFile; fileRef = DCEB28BB20D69940004D8C7E /* ViewController.swift */; };
		DCEB28BF20D69940004D8C7E /* Main.storyboard in Resources */ = {isa = PBXBuildFile; fileRef = DCEB28BD20D69940004D8C7E /* Main.storyboard */; };
		DCEB28C220D69940004D8C7E /* ClassPlus.xcdatamodeld in Sources */ = {isa = PBXBuildFile; fileRef = DCEB28C020D69940004D8C7E /* ClassPlus.xcdatamodeld */; };
		DCEB28C420D69942004D8C7E /* Assets.xcassets in Resources */ = {isa = PBXBuildFile; fileRef = DCEB28C320D69942004D8C7E /* Assets.xcassets */; };
		DCEB28C720D69942004D8C7E /* LaunchScreen.storyboard in Resources */ = {isa = PBXBuildFile; fileRef = DCEB28C520D69942004D8C7E /* LaunchScreen.storyboard */; };
/* End PBXBuildFile section */

/* Begin PBXFileReference section */
		2910E77907010E40D9A82C98 /* Pods_ClassPlus.framework */ = {isa = PBXFileReference; explicitFileType = wrapper.framework; includeInIndex = 0; path = Pods_ClassPlus.framework; sourceTree = BUILT_PRODUCTS_DIR; };
		5CB37A905EAE7020E69B42D0 /* Pods-ClassPlus.debug.xcconfig */ = {isa = PBXFileReference; includeInIndex = 1; lastKnownFileType = text.xcconfig; name = "Pods-ClassPlus.debug.xcconfig"; path = "Pods/Target Support Files/Pods-ClassPlus/Pods-ClassPlus.debug.xcconfig"; sourceTree = "<group>"; };
		984BEF28A08986379C0E76A3 /* Pods-ClassPlus.release.xcconfig */ = {isa = PBXFileReference; includeInIndex = 1; lastKnownFileType = text.xcconfig; name = "Pods-ClassPlus.release.xcconfig"; path = "Pods/Target Support Files/Pods-ClassPlus/Pods-ClassPlus.release.xcconfig"; sourceTree = "<group>"; };
		DCEB28B620D69940004D8C7E /* ClassPlus.app */ = {isa = PBXFileReference; explicitFileType = wrapper.application; includeInIndex = 0; path = ClassPlus.app; sourceTree = BUILT_PRODUCTS_DIR; };
		DCEB28B920D69940004D8C7E /* AppDelegate.swift */ = {isa = PBXFileReference; lastKnownFileType = sourcecode.swift; path = AppDelegate.swift; sourceTree = "<group>"; };
		DCEB28BB20D69940004D8C7E /* ViewController.swift */ = {isa = PBXFileReference; lastKnownFileType = sourcecode.swift; path = ViewController.swift; sourceTree = "<group>"; };
		DCEB28BE20D69940004D8C7E /* Base */ = {isa = PBXFileReference; lastKnownFileType = file.storyboard; name = Base; path = Base.lproj/Main.storyboard; sourceTree = "<group>"; };
		DCEB28C120D69940004D8C7E /* ClassPlus.xcdatamodel */ = {isa = PBXFileReference; lastKnownFileType = wrapper.xcdatamodel; path = ClassPlus.xcdatamodel; sourceTree = "<group>"; };
		DCEB28C320D69942004D8C7E /* Assets.xcassets */ = {isa = PBXFileReference; lastKnownFileType = folder.assetcatalog; path = Assets.xcassets; sourceTree = "<group>"; };
		DCEB28C620D69942004D8C7E /* Base */ = {isa = PBXFileReference; lastKnownFileType = file.storyboard; name = Base; path = Base.lproj/LaunchScreen.storyboard; sourceTree = "<group>"; };
		DCEB28C820D69942004D8C7E /* Info.plist */ = {isa = PBXFileReference; lastKnownFileType = text.plist.xml; path = Info.plist; sourceTree = "<group>"; };
/* End PBXFileReference section */

/* Begin PBXFrameworksBuildPhase section */
		DCEB28B320D69940004D8C7E /* Frameworks */ = {
			isa = PBXFrameworksBuildPhase;
			buildActionMask = 2147483647;
			files = (
				46183A1CF8DAC754E4947C9C /* Pods_ClassPlus.framework in Frameworks */,
			);
			runOnlyForDeploymentPostprocessing = 0;
		};
/* End PBXFrameworksBuildPhase section */

/* Begin PBXGroup section */
		6F5AEF719AB6E996835B8280 /* Frameworks */ = {
			isa = PBXGroup;
			children = (
				2910E77907010E40D9A82C98 /* Pods_ClassPlus.framework */,
			);
			name = Frameworks;
			sourceTree = "<group>";
		};
		D081BA207A77F5E4CD52F11C /* Pods */ = {
			isa = PBXGroup;
			children = (
				5CB37A905EAE7020E69B42D0 /* Pods-ClassPlus.debug.xcconfig */,
				984BEF28A08986379C0E76A3 /* Pods-ClassPlus.release.xcconfig */,
			);
			name = Pods;
			sourceTree = "<group>";
		};
		DCEB28AD20D6993F004D8C7E = {
			isa = PBXGroup;
			children = (
				DCEB28B820D69940004D8C7E /* ClassPlus */,
				DCEB28B720D69940004D8C7E /* Products */,
				D081BA207A77F5E4CD52F11C /* Pods */,
				6F5AEF719AB6E996835B8280 /* Frameworks */,
			);
			sourceTree = "<group>";
		};
		DCEB28B720D69940004D8C7E /* Products */ = {
			isa = PBXGroup;
			children = (
				DCEB28B620D69940004D8C7E /* ClassPlus.app */,
			);
			name = Products;
			sourceTree = "<group>";
		};
		DCEB28B820D69940004D8C7E /* ClassPlus */ = {
			isa = PBXGroup;
			children = (
				DCEB28B920D69940004D8C7E /* AppDelegate.swift */,
				DCEB28BB20D69940004D8C7E /* ViewController.swift */,
				DCEB28BD20D69940004D8C7E /* Main.storyboard */,
				DCEB28C320D69942004D8C7E /* Assets.xcassets */,
				DCEB28C520D69942004D8C7E /* LaunchScreen.storyboard */,
				DCEB28C820D69942004D8C7E /* Info.plist */,
				DCEB28C020D69940004D8C7E /* ClassPlus.xcdatamodeld */,
			);
			path = ClassPlus;
			sourceTree = "<group>";
		};
/* End PBXGroup section */

/* Begin PBXNativeTarget section */
		DCEB28B520D69940004D8C7E /* ClassPlus */ = {
			isa = PBXNativeTarget;
			buildConfigurationList = DCEB28CB20D69942004D8C7E /* Build configuration list for PBXNativeTarget "ClassPlus" */;
			buildPhases = (
				CF28085EA0364302791B05D1 /* [CP] Check Pods Manifest.lock */,
				DCEB28B220D69940004D8C7E /* Sources */,
				DCEB28B320D69940004D8C7E /* Frameworks */,
				DCEB28B420D69940004D8C7E /* Resources */,
				D2618AA70675A702B1BFFF6C /* [CP] Embed Pods Frameworks */,
			);
			buildRules = (
			);
			dependencies = (
			);
			name = ClassPlus;
			productName = ClassPlus;
			productReference = DCEB28B620D69940004D8C7E /* ClassPlus.app */;
			productType = "com.apple.product-type.application";
		};
/* End PBXNativeTarget section */

/* Begin PBXProject section */
		DCEB28AE20D6993F004D8C7E /* Project object */ = {
			isa = PBXProject;
			attributes = {
				LastSwiftUpdateCheck = 0940;
				LastUpgradeCheck = 0940;
				ORGANIZATIONNAME = "Hitendra Dubey";
				TargetAttributes = {
					DCEB28B520D69940004D8C7E = {
						CreatedOnToolsVersion = 9.4;
					};
				};
			};
			buildConfigurationList = DCEB28B120D6993F004D8C7E /* Build configuration list for PBXProject "ClassPlus" */;
			compatibilityVersion = "Xcode 9.3";
			developmentRegion = en;
			hasScannedForEncodings = 0;
			knownRegions = (
				en,
				Base,
			);
			mainGroup = DCEB28AD20D6993F004D8C7E;
			productRefGroup = DCEB28B720D69940004D8C7E /* Products */;
			projectDirPath = "";
			projectRoot = "";
			targets = (
				DCEB28B520D69940004D8C7E /* ClassPlus */,
			);
		};
/* End PBXProject section */

/* Begin PBXResourcesBuildPhase section */
		DCEB28B420D69940004D8C7E /* Resources */ = {
			isa = PBXResourcesBuildPhase;
			buildActionMask = 2147483647;
			files = (
				DCEB28C720D69942004D8C7E /* LaunchScreen.storyboard in Resources */,
				DCEB28C420D69942004D8C7E /* Assets.xcassets in Resources */,
				DCEB28BF20D69940004D8C7E /* Main.storyboard in Resources */,
			);
			runOnlyForDeploymentPostprocessing = 0;
		};
/* End PBXResourcesBuildPhase section */

/* Begin PBXShellScriptBuildPhase section */
		CF28085EA0364302791B05D1 /* [CP] Check Pods Manifest.lock */ = {
			isa = PBXShellScriptBuildPhase;
			buildActionMask = 2147483647;
			files = (
			);
			inputPaths = (
				"${PODS_PODFILE_DIR_PATH}/Podfile.lock",
				"${PODS_ROOT}/Manifest.lock",
			);
			name = "[CP] Check Pods Manifest.lock";
			outputPaths = (
				"$(DERIVED_FILE_DIR)/Pods-ClassPlus-checkManifestLockResult.txt",
			);
			runOnlyForDeploymentPostprocessing = 0;
			shellPath = /bin/sh;
			shellScript = "diff \"${PODS_PODFILE_DIR_PATH}/Podfile.lock\" \"${PODS_ROOT}/Manifest.lock\" > /dev/null\nif [ $? != 0 ] ; then\n    # print error to STDERR\n    echo \"error: The sandbox is not in sync with the Podfile.lock. Run 'pod install' or update your CocoaPods installation.\" >&2\n    exit 1\nfi\n# This output is used by Xcode 'outputs' to avoid re-running this script phase.\necho \"SUCCESS\" > \"${SCRIPT_OUTPUT_FILE_0}\"\n";
			showEnvVarsInLog = 0;
		};
		D2618AA70675A702B1BFFF6C /* [CP] Embed Pods Frameworks */ = {
			isa = PBXShellScriptBuildPhase;
			buildActionMask = 2147483647;
			files = (
			);
			inputPaths = (
				"${SRCROOT}/Pods/Target Support Files/Pods-ClassPlus/Pods-ClassPlus-frameworks.sh",
				"${BUILT_PRODUCTS_DIR}/Alamofire/Alamofire.framework",
				"${BUILT_PRODUCTS_DIR}/FSCalendar/FSCalendar.framework",
			);
			name = "[CP] Embed Pods Frameworks";
			outputPaths = (
				"${TARGET_BUILD_DIR}/${FRAMEWORKS_FOLDER_PATH}/Alamofire.framework",
				"${TARGET_BUILD_DIR}/${FRAMEWORKS_FOLDER_PATH}/FSCalendar.framework",
			);
			runOnlyForDeploymentPostprocessing = 0;
			shellPath = /bin/sh;
			shellScript = "\"${SRCROOT}/Pods/Target Support Files/Pods-ClassPlus/Pods-ClassPlus-frameworks.sh\"\n";
			showEnvVarsInLog = 0;
		};
/* End PBXShellScriptBuildPhase section */

/* Begin PBXSourcesBuildPhase section */
		DCEB28B220D69940004D8C7E /* Sources */ = {
			isa = PBXSourcesBuildPhase;
			buildActionMask = 2147483647;
			files = (
				DCEB28BC20D69940004D8C7E /* ViewController.swift in Sources */,
				DCEB28BA20D69940004D8C7E /* AppDelegate.swift in Sources */,
				DCEB28C220D69940004D8C7E /* ClassPlus.xcdatamodeld in Sources */,
			);
			runOnlyForDeploymentPostprocessing = 0;
		};
/* End PBXSourcesBuildPhase section */

/* Begin PBXVariantGroup section */
		DCEB28BD20D69940004D8C7E /* Main.storyboard */ = {
			isa = PBXVariantGroup;
			children = (
				DCEB28BE20D69940004D8C7E /* Base */,
			);
			name = Main.storyboard;
			sourceTree = "<group>";
		};
		DCEB28C520D69942004D8C7E /* LaunchScreen.storyboard */ = {
			isa = PBXVariantGroup;
			children = (
				DCEB28C620D69942004D8C7E /* Base */,
			);
			name = LaunchScreen.storyboard;
			sourceTree = "<group>";
		};
/* End PBXVariantGroup section */

/* Begin XCBuildConfiguration section */
		DCEB28C920D69942004D8C7E /* Debug */ = {
			isa = XCBuildConfiguration;
			buildSettings = {
				ALWAYS_SEARCH_USER_PATHS = NO;
				CLANG_ANALYZER_NONNULL = YES;
				CLANG_ANALYZER_NUMBER_OBJECT_CONVERSION = YES_AGGRESSIVE;
				CLANG_CXX_LANGUAGE_STANDARD = "gnu++14";
				CLANG_CXX_LIBRARY = "libc++";
				CLANG_ENABLE_MODULES = YES;
				CLANG_ENABLE_OBJC_ARC = YES;
				CLANG_ENABLE_OBJC_WEAK = YES;
				CLANG_WARN_BLOCK_CAPTURE_AUTORELEASING = YES;
				CLANG_WARN_BOOL_CONVERSION = YES;
				CLANG_WARN_COMMA = YES;
				CLANG_WARN_CONSTANT_CONVERSION = YES;
				CLANG_WARN_DEPRECATED_OBJC_IMPLEMENTATIONS = YES;
				CLANG_WARN_DIRECT_OBJC_ISA_USAGE = YES_ERROR;
				CLANG_WARN_DOCUMENTATION_COMMENTS = YES;
				CLANG_WARN_EMPTY_BODY = YES;
				CLANG_WARN_ENUM_CONVERSION = YES;
				CLANG_WARN_INFINITE_RECURSION = YES;
				CLANG_WARN_INT_CONVERSION = YES;
				CLANG_WARN_NON_LITERAL_NULL_CONVERSION = YES;
				CLANG_WARN_OBJC_IMPLICIT_RETAIN_SELF = YES;
				CLANG_WARN_OBJC_LITERAL_CONVERSION = YES;
				CLANG_WARN_OBJC_ROOT_CLASS = YES_ERROR;
				CLANG_WARN_RANGE_LOOP_ANALYSIS = YES;
				CLANG_WARN_STRICT_PROTOTYPES = YES;
				CLANG_WARN_SUSPICIOUS_MOVE = YES;
				CLANG_WARN_UNGUARDED_AVAILABILITY = YES_AGGRESSIVE;
				CLANG_WARN_UNREACHABLE_CODE = YES;
				CLANG_WARN__DUPLICATE_METHOD_MATCH = YES;
				CODE_SIGN_IDENTITY = "iPhone Developer";
				COPY_PHASE_STRIP = NO;
				DEBUG_INFORMATION_FORMAT = dwarf;
				ENABLE_STRICT_OBJC_MSGSEND = YES;
				ENABLE_TESTABILITY = YES;
				GCC_C_LANGUAGE_STANDARD = gnu11;
				GCC_DYNAMIC_NO_PIC = NO;
				GCC_NO_COMMON_BLOCKS = YES;
				GCC_OPTIMIZATION_LEVEL = 0;
				GCC_PREPROCESSOR_DEFINITIONS = (
					"DEBUG=1",
					"$(inherited)",
				);
				GCC_WARN_64_TO_32_BIT_CONVERSION = YES;
				GCC_WARN_ABOUT_RETURN_TYPE = YES_ERROR;
				GCC_WARN_UNDECLARED_SELECTOR = YES;
				GCC_WARN_UNINITIALIZED_AUTOS = YES_AGGRESSIVE;
				GCC_WARN_UNUSED_FUNCTION = YES;
				GCC_WARN_UNUSED_VARIABLE = YES;
				IPHONEOS_DEPLOYMENT_TARGET = 11.4;
				MTL_ENABLE_DEBUG_INFO = YES;
				ONLY_ACTIVE_ARCH = YES;
				SDKROOT = iphoneos;
				SWIFT_ACTIVE_COMPILATION_CONDITIONS = DEBUG;
				SWIFT_OPTIMIZATION_LEVEL = "-Onone";
			};
			name = Debug;
		};
		DCEB28CA20D69942004D8C7E /* Release */ = {
			isa = XCBuildConfiguration;
			buildSettings = {
				ALWAYS_SEARCH_USER_PATHS = NO;
				CLANG_ANALYZER_NONNULL = YES;
				CLANG_ANALYZER_NUMBER_OBJECT_CONVERSION = YES_AGGRESSIVE;
				CLANG_CXX_LANGUAGE_STANDARD = "gnu++14";
				CLANG_CXX_LIBRARY = "libc++";
				CLANG_ENABLE_MODULES = YES;
				CLANG_ENABLE_OBJC_ARC = YES;
				CLANG_ENABLE_OBJC_WEAK = YES;
				CLANG_WARN_BLOCK_CAPTURE_AUTORELEASING = YES;
				CLANG_WARN_BOOL_CONVERSION = YES;
				CLANG_WARN_COMMA = YES;
				CLANG_WARN_CONSTANT_CONVERSION = YES;
				CLANG_WARN_DEPRECATED_OBJC_IMPLEMENTATIONS = YES;
				CLANG_WARN_DIRECT_OBJC_ISA_USAGE = YES_ERROR;
				CLANG_WARN_DOCUMENTATION_COMMENTS = YES;
				CLANG_WARN_EMPTY_BODY = YES;
				CLANG_WARN_ENUM_CONVERSION = YES;
				CLANG_WARN_INFINITE_RECURSION = YES;
				CLANG_WARN_INT_CONVERSION = YES;
				CLANG_WARN_NON_LITERAL_NULL_CONVERSION = YES;
				CLANG_WARN_OBJC_IMPLICIT_RETAIN_SELF = YES;
				CLANG_WARN_OBJC_LITERAL_CONVERSION = YES;
				CLANG_WARN_OBJC_ROOT_CLASS = YES_ERROR;
				CLANG_WARN_RANGE_LOOP_ANALYSIS = YES;
				CLANG_WARN_STRICT_PROTOTYPES = YES;
				CLANG_WARN_SUSPICIOUS_MOVE = YES;
				CLANG_WARN_UNGUARDED_AVAILABILITY = YES_AGGRESSIVE;
				CLANG_WARN_UNREACHABLE_CODE = YES;
				CLANG_WARN__DUPLICATE_METHOD_MATCH = YES;
				CODE_SIGN_IDENTITY = "iPhone Developer";
				COPY_PHASE_STRIP = NO;
				DEBUG_INFORMATION_FORMAT = "dwarf-with-dsym";
				ENABLE_NS_ASSERTIONS = NO;
				ENABLE_STRICT_OBJC_MSGSEND = YES;
				GCC_C_LANGUAGE_STANDARD = gnu11;
				GCC_NO_COMMON_BLOCKS = YES;
				GCC_WARN_64_TO_32_BIT_CONVERSION = YES;
				GCC_WARN_ABOUT_RETURN_TYPE = YES_ERROR;
				GCC_WARN_UNDECLARED_SELECTOR = YES;
				GCC_WARN_UNINITIALIZED_AUTOS = YES_AGGRESSIVE;
				GCC_WARN_UNUSED_FUNCTION = YES;
				GCC_WARN_UNUSED_VARIABLE = YES;
				IPHONEOS_DEPLOYMENT_TARGET = 11.4;
				MTL_ENABLE_DEBUG_INFO = NO;
				SDKROOT = iphoneos;
				SWIFT_COMPILATION_MODE = wholemodule;
				SWIFT_OPTIMIZATION_LEVEL = "-O";
				VALIDATE_PRODUCT = YES;
			};
			name = Release;
		};
		DCEB28CC20D69942004D8C7E /* Debug */ = {
			isa = XCBuildConfiguration;
			baseConfigurationReference = 5CB37A905EAE7020E69B42D0 /* Pods-ClassPlus.debug.xcconfig */;
			buildSettings = {
				ASSETCATALOG_COMPILER_APPICON_NAME = AppIcon;
				CODE_SIGN_STYLE = Automatic;
				DEVELOPMENT_TEAM = CEW3L75JU4;
				INFOPLIST_FILE = ClassPlus/Info.plist;
				LD_RUNPATH_SEARCH_PATHS = (
					"$(inherited)",
					"@executable_path/Frameworks",
				);
				PRODUCT_BUNDLE_IDENTIFIER = com.Hitendradubey.ClassPlus;
				PRODUCT_NAME = "$(TARGET_NAME)";
				SWIFT_VERSION = 4.0;
				TARGETED_DEVICE_FAMILY = "1,2";
			};
			name = Debug;
		};
		DCEB28CD20D69942004D8C7E /* Release */ = {
			isa = XCBuildConfiguration;
			baseConfigurationReference = 984BEF28A08986379C0E76A3 /* Pods-ClassPlus.release.xcconfig */;
			buildSettings = {
				ASSETCATALOG_COMPILER_APPICON_NAME = AppIcon;
				CODE_SIGN_STYLE = Automatic;
				DEVELOPMENT_TEAM = CEW3L75JU4;
				INFOPLIST_FILE = ClassPlus/Info.plist;
				LD_RUNPATH_SEARCH_PATHS = (
					"$(inherited)",
					"@executable_path/Frameworks",
				);
				PRODUCT_BUNDLE_IDENTIFIER = com.Hitendradubey.ClassPlus;
				PRODUCT_NAME = "$(TARGET_NAME)";
				SWIFT_VERSION = 4.0;
				TARGETED_DEVICE_FAMILY = "1,2";
			};
			name = Release;
		};
/* End XCBuildConfiguration section */

/* Begin XCConfigurationList section */
		DCEB28B120D6993F004D8C7E /* Build configuration list for PBXProject "ClassPlus" */ = {
			isa = XCConfigurationList;
			buildConfigurations = (
				DCEB28C920D69942004D8C7E /* Debug */,
				DCEB28CA20D69942004D8C7E /* Release */,
			);
			defaultConfigurationIsVisible = 0;
			defaultConfigurationName = Release;
		};
		DCEB28CB20D69942004D8C7E /* Build configuration list for PBXNativeTarget "ClassPlus" */ = {
			isa = XCConfigurationList;
			buildConfigurations = (
				DCEB28CC20D69942004D8C7E /* Debug */,
				DCEB28CD20D69942004D8C7E /* Release */,
			);
			defaultConfigurationIsVisible = 0;
			defaultConfigurationName = Release;
		};
/* End XCConfigurationList section */

/* Begin XCVersionGroup section */
		DCEB28C020D69940004D8C7E /* ClassPlus.xcdatamodeld */ = {
			isa = XCVersionGroup;
			children = (
				DCEB28C120D69940004D8C7E /* ClassPlus.xcdatamodel */,
			);
			currentVersion = DCEB28C120D69940004D8C7E /* ClassPlus.xcdatamodel */;
			path = ClassPlus.xcdatamodeld;
			sourceTree = "<group>";
			versionGroupType = wrapper.xcdatamodel;
		};
/* End XCVersionGroup section */
	};
	rootObject = DCEB28AE20D6993F004D8C7E /* Project object */;
}
